{
  "version": 4,
  "terraform_version": "1.4.4",
  "serial": 30,
  "lineage": "1468d380-900c-6505-6e29-7b1a95922b60",
  "outputs": {},
  "resources": [
    {
      "mode": "data",
      "type": "yandex_compute_image",
      "name": "coi",
      "provider": "provider[\"registry.terraform.io/yandex-cloud/yandex\"]",
      "instances": [
        {
          "schema_version": 0,
          "attributes": {
            "created_at": "2022-02-04T12:30:26Z",
            "description": "Container Optimized Image 2.3.10",
            "family": "container-optimized-image",
            "folder_id": "standard-images",
            "id": "fd80o2eikcn22b229tsa",
            "image_id": "fd80o2eikcn22b229tsa",
            "labels": {},
            "min_disk_size": 30,
            "name": "container-optimized-image-v20220204a",
            "os_type": "linux",
            "pooled": true,
            "product_ids": [
              "f2elf7186figj4p34at5"
            ],
            "size": 6,
            "status": "ready"
          },
          "sensitive_attributes": []
        }
      ]
    },
    {
      "mode": "managed",
      "type": "yandex_compute_instance",
      "name": "catgpt-1",
      "provider": "provider[\"registry.terraform.io/yandex-cloud/yandex\"]",
      "instances": [
        {
          "schema_version": 1,
          "attributes": {
            "allow_recreate": null,
            "allow_stopping_for_update": null,
            "boot_disk": [
              {
                "auto_delete": true,
                "device_name": "fhmr0cjigc4dge17hgtg",
                "disk_id": "fhmr0cjigc4dge17hgtg",
                "initialize_params": [
                  {
                    "block_size": 4096,
                    "description": "",
                    "image_id": "fd80o2eikcn22b229tsa",
                    "name": "",
                    "size": 30,
                    "snapshot_id": "",
                    "type": "network-hdd"
                  }
                ],
                "mode": "READ_WRITE"
              }
            ],
            "created_at": "2023-11-15T15:36:42Z",
            "description": "",
            "filesystem": [],
            "folder_id": "b1gll7vtke087ibf3i59",
            "fqdn": "fhm75rtud6d7o5436gla.auto.internal",
            "gpu_cluster_id": "",
            "hostname": "",
            "id": "fhm75rtud6d7o5436gla",
            "labels": null,
            "local_disk": [],
            "metadata": {
              "docker-compose": "version: '3.7'\nservices:\n  catgpt:\n    container_name: catgpt\n    image: \"cr.yandex/\u003cINSERT_YOUR_IMAGE_TAG_HERE\u003e\"\n    restart: always\n    network_mode: \"host\"\n",
              "ssh-keys": "ubuntu:ssh-rsa AAAAB3NzaC1yc2EAAAADAQABAAABgQC8Dc/KRBeYil6nNtJ9q9adPIuifWoILczPCCeQ+o0ebrzMcl1/Winec/GYyNEWS8Kzvz0iTvxqkxrmbNQKmITtZoemWLyKFJlQpuKUjU8AW3oSSZ/qG20JuCjyVE/vwtM5ixhwooAuj4AX01hNVz4TWyQuqlWSxhHsSH3YVO/mUnPYhNjZkzDCjg8imNd+pA9ZG67Ic6U7/KjCHhDiHZfTXi85lBrKFAV7mZ63v87YBVI59YH+G3s1Yh4KGO+hSwzJ1UEzP+IULodHp641Wr/RV0q250aJblj5cy0nZ9T4nwnxlR/Ij2LqsFBpO685tBubENyA9OK1jpvjgdx3ALy+bnLnwxrNtd3SKkP5NbrnaJ6pOdD7j2nLbvv5vr0N7j2ucdi/Q022LXMe8W1aYg2pWF/KpAWjBnuDaVipS7pQyUavCEbWsSVoMGMmQ/CCOam7sgl0H7RW5IWR64xuCNwgZUpdLFpx3I3KskDUmqiIno4SVOOmH5Y31vRb7ppdcI8= smvn@PowefulMachine\n"
            },
            "metadata_options": [
              {
                "aws_v1_http_endpoint": 1,
                "aws_v1_http_token": 2,
                "gce_http_endpoint": 1,
                "gce_http_token": 1
              }
            ],
            "name": "vm-for-catgpt",
            "network_acceleration_type": "standard",
            "network_interface": [
              {
                "dns_record": [],
                "index": 0,
                "ip_address": "10.2.0.5",
                "ipv4": true,
                "ipv6": false,
                "ipv6_address": "",
                "ipv6_dns_record": [],
                "mac_address": "d0:0d:72:ef:be:69",
                "nat": false,
                "nat_dns_record": [],
                "nat_ip_address": "",
                "nat_ip_version": "",
                "security_group_ids": [],
                "subnet_id": "e9bstgo3klt3jv42n0sb"
              }
            ],
            "placement_policy": [
              {
                "host_affinity_rules": [],
                "placement_group_id": ""
              }
            ],
            "platform_id": "standard-v2",
            "resources": [
              {
                "core_fraction": 5,
                "cores": 2,
                "gpus": 0,
                "memory": 1
              }
            ],
            "scheduling_policy": [
              {
                "preemptible": false
              }
            ],
            "secondary_disk": [],
            "service_account_id": "ajecaamf8a9q6orvjmpi",
            "status": "running",
            "timeouts": null,
            "zone": "ru-central1-a"
          },
          "sensitive_attributes": [],
          "private": "eyJlMmJmYjczMC1lY2FhLTExZTYtOGY4OC0zNDM2M2JjN2M0YzAiOnsiY3JlYXRlIjozMDAwMDAwMDAwMDAsImRlbGV0ZSI6MzAwMDAwMDAwMDAwLCJ1cGRhdGUiOjMwMDAwMDAwMDAwMH0sInNjaGVtYV92ZXJzaW9uIjoiMSJ9",
          "dependencies": [
            "data.yandex_compute_image.coi",
            "yandex_iam_service_account.service-accounts",
            "yandex_vpc_subnet.foo"
          ]
        }
      ]
    },
    {
      "mode": "managed",
      "type": "yandex_container_registry",
      "name": "registry1",
      "provider": "provider[\"registry.terraform.io/yandex-cloud/yandex\"]",
      "instances": [
        {
          "schema_version": 0,
          "attributes": {
            "created_at": "2023-11-15T15:28:49Z",
            "folder_id": "b1gll7vtke087ibf3i59",
            "id": "crp6ak6rnf69ss94evo8",
            "labels": {},
            "name": "registry1",
            "status": "active",
            "timeouts": null
          },
          "sensitive_attributes": [],
          "private": "eyJlMmJmYjczMC1lY2FhLTExZTYtOGY4OC0zNDM2M2JjN2M0YzAiOnsiY3JlYXRlIjo5MDAwMDAwMDAwMDAsImRlbGV0ZSI6OTAwMDAwMDAwMDAwLCJ1cGRhdGUiOjkwMDAwMDAwMDAwMH19"
        }
      ]
    },
    {
      "mode": "managed",
      "type": "yandex_iam_service_account",
      "name": "service-accounts",
      "provider": "provider[\"registry.terraform.io/yandex-cloud/yandex\"]",
      "instances": [
        {
          "schema_version": 0,
          "attributes": {
            "created_at": "2023-11-15T15:28:49Z",
            "description": "созданный сервисный аккаунт: b1gll7vtke087ibf3i59-catgpt-sa через main.tf",
            "folder_id": "b1gll7vtke087ibf3i59",
            "id": "ajecaamf8a9q6orvjmpi",
            "name": "b1gll7vtke087ibf3i59-catgpt-sa",
            "timeouts": null
          },
          "sensitive_attributes": [],
          "private": "eyJlMmJmYjczMC1lY2FhLTExZTYtOGY4OC0zNDM2M2JjN2M0YzAiOnsiY3JlYXRlIjo2MDAwMDAwMDAwMCwiZGVsZXRlIjo2MDAwMDAwMDAwMCwidXBkYXRlIjo2MDAwMDAwMDAwMH19"
        }
      ]
    },
    {
      "mode": "managed",
      "type": "yandex_resourcemanager_folder_iam_member",
      "name": "catgpt-roles",
      "provider": "provider[\"registry.terraform.io/yandex-cloud/yandex\"]",
      "instances": [
        {
          "index_key": "container-registry.images.puller",
          "schema_version": 0,
          "attributes": {
            "folder_id": "b1gll7vtke087ibf3i59",
            "id": "b1gll7vtke087ibf3i59/container-registry.images.puller/serviceAccount:ajecaamf8a9q6orvjmpi",
            "member": "serviceAccount:ajecaamf8a9q6orvjmpi",
            "role": "container-registry.images.puller",
            "sleep_after": null,
            "timeouts": null
          },
          "sensitive_attributes": [],
          "private": "eyJlMmJmYjczMC1lY2FhLTExZTYtOGY4OC0zNDM2M2JjN2M0YzAiOnsiY3JlYXRlIjo2MDAwMDAwMDAwMCwiZGVmYXVsdCI6NjAwMDAwMDAwMDAsImRlbGV0ZSI6NjAwMDAwMDAwMDAsInJlYWQiOjYwMDAwMDAwMDAwLCJ1cGRhdGUiOjYwMDAwMDAwMDAwfX0=",
          "dependencies": [
            "yandex_iam_service_account.service-accounts"
          ]
        },
        {
          "index_key": "monitoring.editor",
          "schema_version": 0,
          "attributes": {
            "folder_id": "b1gll7vtke087ibf3i59",
            "id": "b1gll7vtke087ibf3i59/monitoring.editor/serviceAccount:ajecaamf8a9q6orvjmpi",
            "member": "serviceAccount:ajecaamf8a9q6orvjmpi",
            "role": "monitoring.editor",
            "sleep_after": null,
            "timeouts": null
          },
          "sensitive_attributes": [],
          "private": "eyJlMmJmYjczMC1lY2FhLTExZTYtOGY4OC0zNDM2M2JjN2M0YzAiOnsiY3JlYXRlIjo2MDAwMDAwMDAwMCwiZGVmYXVsdCI6NjAwMDAwMDAwMDAsImRlbGV0ZSI6NjAwMDAwMDAwMDAsInJlYWQiOjYwMDAwMDAwMDAwLCJ1cGRhdGUiOjYwMDAwMDAwMDAwfX0=",
          "dependencies": [
            "yandex_iam_service_account.service-accounts"
          ]
        }
      ]
    },
    {
      "mode": "managed",
      "type": "yandex_vpc_network",
      "name": "foo",
      "provider": "provider[\"registry.terraform.io/yandex-cloud/yandex\"]",
      "instances": [
        {
          "schema_version": 0,
          "attributes": {
            "created_at": "2023-11-15T15:28:49Z",
            "default_security_group_id": "enpq279c9j8ue6jiil6m",
            "description": "Это сеть которую я создаю в файле main.tf запуском при помощи Terraform",
            "folder_id": "b1gll7vtke087ibf3i59",
            "id": "enpr6mqk6fvgjmqgsp6i",
            "labels": {
              "owner": "Vladimir Semchishin",
              "project": "YY-workout"
            },
            "name": "network-foo",
            "subnet_ids": [
              "e9bstgo3klt3jv42n0sb"
            ],
            "timeouts": null
          },
          "sensitive_attributes": [],
          "private": "eyJlMmJmYjczMC1lY2FhLTExZTYtOGY4OC0zNDM2M2JjN2M0YzAiOnsiY3JlYXRlIjo2MDAwMDAwMDAwMCwiZGVsZXRlIjo2MDAwMDAwMDAwMCwidXBkYXRlIjo2MDAwMDAwMDAwMH19"
        }
      ]
    },
    {
      "mode": "managed",
      "type": "yandex_vpc_subnet",
      "name": "foo",
      "provider": "provider[\"registry.terraform.io/yandex-cloud/yandex\"]",
      "instances": [
        {
          "schema_version": 0,
          "attributes": {
            "created_at": "2023-11-15T15:28:51Z",
            "description": "Это подсеть сети network-foo которую я создал из файла main.tf",
            "dhcp_options": [],
            "folder_id": "b1gll7vtke087ibf3i59",
            "id": "e9bstgo3klt3jv42n0sb",
            "labels": {},
            "name": "subnetwork-foo",
            "network_id": "enpr6mqk6fvgjmqgsp6i",
            "route_table_id": "",
            "timeouts": null,
            "v4_cidr_blocks": [
              "10.2.0.0/16"
            ],
            "v6_cidr_blocks": [],
            "zone": "ru-central1-a"
          },
          "sensitive_attributes": [],
          "private": "eyJlMmJmYjczMC1lY2FhLTExZTYtOGY4OC0zNDM2M2JjN2M0YzAiOnsiY3JlYXRlIjoxODAwMDAwMDAwMDAsImRlbGV0ZSI6MTgwMDAwMDAwMDAwLCJ1cGRhdGUiOjE4MDAwMDAwMDAwMH19",
          "dependencies": [
            "yandex_vpc_network.foo"
          ]
        }
      ]
    }
  ],
  "check_results": null
}
