{
  "version": 4,
  "terraform_version": "1.4.4",
  "serial": 17,
  "lineage": "6630b9dc-36b0-9cb2-8711-f28b2cd445d0",
  "outputs": {
    "external_ip": {
      "value": "158.160.119.247",
      "type": "string"
    },
    "external_ip2": {
      "value": "158.160.119.247",
      "type": "string"
    }
  },
  "resources": [
    {
      "mode": "managed",
      "type": "yandex_compute_instance",
      "name": "vm-1",
      "provider": "provider[\"registry.terraform.io/yandex-cloud/yandex\"]",
      "instances": [
        {
          "schema_version": 1,
          "attributes": {
            "allow_recreate": null,
            "allow_stopping_for_update": null,
            "boot_disk": [
              {
                "auto_delete": true,
                "device_name": "fhmcqlnlm1f2h97j7kh6",
                "disk_id": "fhmcqlnlm1f2h97j7kh6",
                "initialize_params": [
                  {
                    "block_size": 4096,
                    "description": "",
                    "image_id": "fd80eup4e4h7mmodr9d4",
                    "name": "",
                    "size": 3,
                    "snapshot_id": "",
                    "type": "network-hdd"
                  }
                ],
                "mode": "READ_WRITE"
              }
            ],
            "created_at": "2023-08-10T11:49:24Z",
            "description": "",
            "filesystem": [],
            "folder_id": "b1gll7vtke087ibf3i59",
            "fqdn": "fhm62dg66iv0lfumc6ln.auto.internal",
            "gpu_cluster_id": "",
            "hostname": "",
            "id": "fhm62dg66iv0lfumc6ln",
            "labels": null,
            "local_disk": [],
            "metadata": {
              "ssh-keys": "debian:ssh-rsa AAAAB3NzaC1yc2EAAAADAQABAAABgQCe8N3QHXVR6EdFL9ltn1joC92JM+M92UOshLAJxAUcxvXSfbe8lQjmqBOxDmblrt1ps1yEaqPmicKe658FEKraNtahjNO4AXiOI0HPOhiwf6VeGM9nlK0mKqCDqBNd2eX+RxG8q88RAt4DRNDfWtQv3+Ejk6izBpGIfKxyUA9uS3sdrMATxX5YRYHDaGnnaWwtQ1Xr3DQnRRCnxP3ucYYobBcknPT5HpoSpzHtCdn7erAdSvygncWvzQt0T5G7qxY7/5S7RZ+kZihztmXsC08K6ueK6eaGh2oQjWWL9jsW87R5w/qBARWV8gqmQdJVBNi/M5oTJGlPx+GfgbNssszRQ9d/LF4xnKFm4swwczNnlRoOJECsR8G5vTogy+CVOL09h3+IRqC1EzXJypICkowJitdWnJc7ADpmYz5ALnhCkrlJ0S3DpFM84G4OFYdWS/apWhV9lcA4qYAWvnTGmWYmnqIsliqduCsW9buOZWAfXZs7/FCIP301emVlSMgSKmk= smvn@PowefulMachine\n",
              "user-data": "#! /bin/bash\n\n### Install Docker\n\napt-get update \u0026\u0026 apt-get install -y apt-transport-https ca-sertificates curl software-properties-common\necho \"\u003ch2\u003eСОЗДАЛ САЙТ\u003ch2\u003e\" \u003e /var/www/html/index.html\nsudo service nginx start "
            },
            "metadata_options": [
              {
                "aws_v1_http_endpoint": 1,
                "aws_v1_http_token": 2,
                "gce_http_endpoint": 1,
                "gce_http_token": 1
              }
            ],
            "name": "virtual-machine",
            "network_acceleration_type": "standard",
            "network_interface": [
              {
                "dns_record": [],
                "index": 0,
                "ip_address": "10.2.0.20",
                "ipv4": true,
                "ipv6": false,
                "ipv6_address": "",
                "ipv6_dns_record": [],
                "mac_address": "d0:0d:61:36:06:34",
                "nat": true,
                "nat_dns_record": [],
                "nat_ip_address": "158.160.119.247",
                "nat_ip_version": "IPV4",
                "security_group_ids": [],
                "subnet_id": "e9busd9fsu4l2qmj0sjo"
              }
            ],
            "placement_policy": [
              {
                "host_affinity_rules": [],
                "placement_group_id": ""
              }
            ],
            "platform_id": "standard-v1",
            "resources": [
              {
                "core_fraction": 100,
                "cores": 2,
                "gpus": 0,
                "memory": 2
              }
            ],
            "scheduling_policy": [
              {
                "preemptible": false
              }
            ],
            "secondary_disk": [],
            "service_account_id": "",
            "status": "running",
            "timeouts": null,
            "zone": "ru-central1-a"
          },
          "sensitive_attributes": [],
          "private": "eyJlMmJmYjczMC1lY2FhLTExZTYtOGY4OC0zNDM2M2JjN2M0YzAiOnsiY3JlYXRlIjozMDAwMDAwMDAwMDAsImRlbGV0ZSI6MzAwMDAwMDAwMDAwLCJ1cGRhdGUiOjMwMDAwMDAwMDAwMH0sInNjaGVtYV92ZXJzaW9uIjoiMSJ9",
          "dependencies": [
            "yandex_vpc_address.const-ip-vm1",
            "yandex_vpc_subnet.practice-vpc-subnet"
          ]
        }
      ]
    },
    {
      "mode": "managed",
      "type": "yandex_vpc_address",
      "name": "const-ip-vm1",
      "provider": "provider[\"registry.terraform.io/yandex-cloud/yandex\"]",
      "instances": [
        {
          "schema_version": 0,
          "attributes": {
            "created_at": "2023-08-10T11:49:23Z",
            "deletion_protection": false,
            "description": "",
            "external_ipv4_address": [
              {
                "address": "158.160.119.247",
                "ddos_protection_provider": "",
                "outgoing_smtp_capability": "",
                "zone_id": "ru-central1-a"
              }
            ],
            "folder_id": "b1gll7vtke087ibf3i59",
            "id": "e9b74b4prvi88kdc2h8r",
            "labels": {},
            "name": "IpAddressVM1",
            "reserved": true,
            "timeouts": null,
            "used": false
          },
          "sensitive_attributes": [],
          "private": "eyJlMmJmYjczMC1lY2FhLTExZTYtOGY4OC0zNDM2M2JjN2M0YzAiOnsiY3JlYXRlIjozMDAwMDAwMDAwMCwiZGVsZXRlIjozMDAwMDAwMDAwMCwidXBkYXRlIjozMDAwMDAwMDAwMH19"
        }
      ]
    },
    {
      "mode": "managed",
      "type": "yandex_vpc_network",
      "name": "practice-vpc",
      "provider": "provider[\"registry.terraform.io/yandex-cloud/yandex\"]",
      "instances": [
        {
          "schema_version": 0,
          "attributes": {
            "created_at": "2023-08-10T09:32:54Z",
            "default_security_group_id": "",
            "description": "",
            "folder_id": "b1gll7vtke087ibf3i59",
            "id": "enpqs3mggbcvk7ibuqga",
            "labels": {},
            "name": "practice",
            "subnet_ids": [
              "e9busd9fsu4l2qmj0sjo"
            ],
            "timeouts": null
          },
          "sensitive_attributes": [],
          "private": "eyJlMmJmYjczMC1lY2FhLTExZTYtOGY4OC0zNDM2M2JjN2M0YzAiOnsiY3JlYXRlIjo2MDAwMDAwMDAwMCwiZGVsZXRlIjo2MDAwMDAwMDAwMCwidXBkYXRlIjo2MDAwMDAwMDAwMH19"
        }
      ]
    },
    {
      "mode": "managed",
      "type": "yandex_vpc_subnet",
      "name": "practice-vpc-subnet",
      "provider": "provider[\"registry.terraform.io/yandex-cloud/yandex\"]",
      "instances": [
        {
          "schema_version": 0,
          "attributes": {
            "created_at": "2023-08-10T09:51:35Z",
            "description": "",
            "dhcp_options": [],
            "folder_id": "b1gll7vtke087ibf3i59",
            "id": "e9busd9fsu4l2qmj0sjo",
            "labels": {},
            "name": "",
            "network_id": "enpqs3mggbcvk7ibuqga",
            "route_table_id": "",
            "timeouts": null,
            "v4_cidr_blocks": [
              "10.2.0.0/16"
            ],
            "v6_cidr_blocks": [],
            "zone": "ru-central1-a"
          },
          "sensitive_attributes": [],
          "private": "eyJlMmJmYjczMC1lY2FhLTExZTYtOGY4OC0zNDM2M2JjN2M0YzAiOnsiY3JlYXRlIjoxODAwMDAwMDAwMDAsImRlbGV0ZSI6MTgwMDAwMDAwMDAwLCJ1cGRhdGUiOjE4MDAwMDAwMDAwMH19",
          "dependencies": [
            "yandex_vpc_network.practice-vpc"
          ]
        }
      ]
    }
  ],
  "check_results": null
}
